// !$*UTF8*$!
{
	archiveVersion = 1;
	classes = {
	};
	objectVersion = 50;
	objects = {

/* Begin PBXBuildFile section */
		D106D45222C8904100D89F44 /* AppDelegate.swift in Sources */ = {isa = PBXBuildFile; fileRef = D106D45122C8904100D89F44 /* AppDelegate.swift */; };
		D106D45422C8904100D89F44 /* ViewController.swift in Sources */ = {isa = PBXBuildFile; fileRef = D106D45322C8904100D89F44 /* ViewController.swift */; };
		D106D45722C8904100D89F44 /* Main.storyboard in Resources */ = {isa = PBXBuildFile; fileRef = D106D45522C8904100D89F44 /* Main.storyboard */; };
		D106D45922C8904300D89F44 /* Assets.xcassets in Resources */ = {isa = PBXBuildFile; fileRef = D106D45822C8904300D89F44 /* Assets.xcassets */; };
		D106D45C22C8904300D89F44 /* LaunchScreen.storyboard in Resources */ = {isa = PBXBuildFile; fileRef = D106D45A22C8904300D89F44 /* LaunchScreen.storyboard */; };
		D106D46722C8904300D89F44 /* GitTests.swift in Sources */ = {isa = PBXBuildFile; fileRef = D106D46622C8904300D89F44 /* GitTests.swift */; };
		D106D47222C8904300D89F44 /* GitUITests.swift in Sources */ = {isa = PBXBuildFile; fileRef = D106D47122C8904300D89F44 /* GitUITests.swift */; };
/* End PBXBuildFile section */

/* Begin PBXContainerItemProxy section */
		D106D46322C8904300D89F44 /* PBXContainerItemProxy */ = {
			isa = PBXContainerItemProxy;
			containerPortal = D106D44622C8904100D89F44 /* Project object */;
			proxyType = 1;
			remoteGlobalIDString = D106D44D22C8904100D89F44;
			remoteInfo = Git;
		};
		D106D46E22C8904300D89F44 /* PBXContainerItemProxy */ = {
			isa = PBXContainerItemProxy;
			containerPortal = D106D44622C8904100D89F44 /* Project object */;
			proxyType = 1;
			remoteGlobalIDString = D106D44D22C8904100D89F44;
			remoteInfo = Git;
		};
/* End PBXContainerItemProxy section */

/* Begin PBXFileReference section */
		D106D44E22C8904100D89F44 /* Git.app */ = {isa = PBXFileReference; explicitFileType = wrapper.application; includeInIndex = 0; path = Git.app; sourceTree = BUILT_PRODUCTS_DIR; };
		D106D45122C8904100D89F44 /* AppDelegate.swift */ = {isa = PBXFileReference; lastKnownFileType = sourcecode.swift; path = AppDelegate.swift; sourceTree = "<group>"; };
		D106D45322C8904100D89F44 /* ViewController.swift */ = {isa = PBXFileReference; lastKnownFileType = sourcecode.swift; path = ViewController.swift; sourceTree = "<group>"; };
		D106D45622C8904100D89F44 /* Base */ = {isa = PBXFileReference; lastKnownFileType = file.storyboard; name = Base; path = Base.lproj/Main.storyboard; sourceTree = "<group>"; };
		D106D45822C8904300D89F44 /* Assets.xcassets */ = {isa = PBXFileReference; lastKnownFileType = folder.assetcatalog; path = Assets.xcassets; sourceTree = "<group>"; };
		D106D45B22C8904300D89F44 /* Base */ = {isa = PBXFileReference; lastKnownFileType = file.storyboard; name = Base; path = Base.lproj/LaunchScreen.storyboard; sourceTree = "<group>"; };
		D106D45D22C8904300D89F44 /* Info.plist */ = {isa = PBXFileReference; lastKnownFileType = text.plist.xml; path = Info.plist; sourceTree = "<group>"; };
		D106D46222C8904300D89F44 /* GitTests.xctest */ = {isa = PBXFileReference; explicitFileType = wrapper.cfbundle; includeInIndex = 0; path = GitTests.xctest; sourceTree = BUILT_PRODUCTS_DIR; };
		D106D46622C8904300D89F44 /* GitTests.swift */ = {isa = PBXFileReference; lastKnownFileType = sourcecode.swift; path = GitTests.swift; sourceTree = "<group>"; };
		D106D46822C8904300D89F44 /* Info.plist */ = {isa = PBXFileReference; lastKnownFileType = text.plist.xml; path = Info.plist; sourceTree = "<group>"; };
		D106D46D22C8904300D89F44 /* GitUITests.xctest */ = {isa = PBXFileReference; explicitFileType = wrapper.cfbundle; includeInIndex = 0; path = GitUITests.xctest; sourceTree = BUILT_PRODUCTS_DIR; };
		D106D47122C8904300D89F44 /* GitUITests.swift */ = {isa = PBXFileReference; lastKnownFileType = sourcecode.swift; path = GitUITests.swift; sourceTree = "<group>"; };
		D106D47322C8904300D89F44 /* Info.plist */ = {isa = PBXFileReference; lastKnownFileType = text.plist.xml; path = Info.plist; sourceTree = "<group>"; };
/* End PBXFileReference section */

/* Begin PBXFrameworksBuildPhase section */
		D106D44B22C8904100D89F44 /* Frameworks */ = {
			isa = PBXFrameworksBuildPhase;
			buildActionMask = 2147483647;
			files = (
			);
			runOnlyForDeploymentPostprocessing = 0;
		};
		D106D45F22C8904300D89F44 /* Frameworks */ = {
			isa = PBXFrameworksBuildPhase;
			buildActionMask = 2147483647;
			files = (
			);
			runOnlyForDeploymentPostprocessing = 0;
		};
		D106D46A22C8904300D89F44 /* Frameworks */ = {
			isa = PBXFrameworksBuildPhase;
			buildActionMask = 2147483647;
			files = (
			);
			runOnlyForDeploymentPostprocessing = 0;
		};
/* End PBXFrameworksBuildPhase section */

/* Begin PBXGroup section */
		D106D44522C8904100D89F44 = {
			isa = PBXGroup;
			children = (
				D106D45022C8904100D89F44 /* Git */,
				D106D46522C8904300D89F44 /* GitTests */,
				D106D47022C8904300D89F44 /* GitUITests */,
				D106D44F22C8904100D89F44 /* Products */,
			);
			sourceTree = "<group>";
		};
		D106D44F22C8904100D89F44 /* Products */ = {
			isa = PBXGroup;
			children = (
				D106D44E22C8904100D89F44 /* Git.app */,
				D106D46222C8904300D89F44 /* GitTests.xctest */,
				D106D46D22C8904300D89F44 /* GitUITests.xctest */,
			);
			name = Products;
			sourceTree = "<group>";
		};
		D106D45022C8904100D89F44 /* Git */ = {
			isa = PBXGroup;
			children = (
				D106D45122C8904100D89F44 /* AppDelegate.swift */,
				D106D45322C8904100D89F44 /* ViewController.swift */,
				D106D45522C8904100D89F44 /* Main.storyboard */,
				D106D45822C8904300D89F44 /* Assets.xcassets */,
				D106D45A22C8904300D89F44 /* LaunchScreen.storyboard */,
				D106D45D22C8904300D89F44 /* Info.plist */,
			);
			path = Git;
			sourceTree = "<group>";
		};
		D106D46522C8904300D89F44 /* GitTests */ = {
			isa = PBXGroup;
			children = (
				D106D46622C8904300D89F44 /* GitTests.swift */,
				D106D46822C8904300D89F44 /* Info.plist */,
			);
			path = GitTests;
			sourceTree = "<group>";
		};
		D106D47022C8904300D89F44 /* GitUITests */ = {
			isa = PBXGroup;
			children = (
				D106D47122C8904300D89F44 /* GitUITests.swift */,
				D106D47322C8904300D89F44 /* Info.plist */,
			);
			path = GitUITests;
			sourceTree = "<group>";
		};
/* End PBXGroup section */

/* Begin PBXNativeTarget section */
		D106D44D22C8904100D89F44 /* Git */ = {
			isa = PBXNativeTarget;
			buildConfigurationList = D106D47622C8904300D89F44 /* Build configuration list for PBXNativeTarget "Git" */;
			buildPhases = (
				D106D44A22C8904100D89F44 /* Sources */,
				D106D44B22C8904100D89F44 /* Frameworks */,
				D106D44C22C8904100D89F44 /* Resources */,
			);
			buildRules = (
			);
			dependencies = (
			);
			name = Git;
			productName = Git;
			productReference = D106D44E22C8904100D89F44 /* Git.app */;
			productType = "com.apple.product-type.application";
		};
		D106D46122C8904300D89F44 /* GitTests */ = {
			isa = PBXNativeTarget;
			buildConfigurationList = D106D47922C8904300D89F44 /* Build configuration list for PBXNativeTarget "GitTests" */;
			buildPhases = (
				D106D45E22C8904300D89F44 /* Sources */,
				D106D45F22C8904300D89F44 /* Frameworks */,
				D106D46022C8904300D89F44 /* Resources */,
			);
			buildRules = (
			);
			dependencies = (
				D106D46422C8904300D89F44 /* PBXTargetDependency */,
			);
			name = GitTests;
			productName = GitTests;
			productReference = D106D46222C8904300D89F44 /* GitTests.xctest */;
			productType = "com.apple.product-type.bundle.unit-test";
		};
		D106D46C22C8904300D89F44 /* GitUITests */ = {
			isa = PBXNativeTarget;
			buildConfigurationList = D106D47C22C8904300D89F44 /* Build configuration list for PBXNativeTarget "GitUITests" */;
			buildPhases = (
				D106D46922C8904300D89F44 /* Sources */,
				D106D46A22C8904300D89F44 /* Frameworks */,
				D106D46B22C8904300D89F44 /* Resources */,
			);
			buildRules = (
			);
			dependencies = (
				D106D46F22C8904300D89F44 /* PBXTargetDependency */,
			);
			name = GitUITests;
			productName = GitUITests;
			productReference = D106D46D22C8904300D89F44 /* GitUITests.xctest */;
			productType = "com.apple.product-type.bundle.ui-testing";
		};
/* End PBXNativeTarget section */

/* Begin PBXProject section */
		D106D44622C8904100D89F44 /* Project object */ = {
			isa = PBXProject;
			attributes = {
				LastSwiftUpdateCheck = 1010;
				LastUpgradeCheck = 1010;
				ORGANIZATIONNAME = "黄泽航";
				TargetAttributes = {
					D106D44D22C8904100D89F44 = {
						CreatedOnToolsVersion = 10.1;
					};
					D106D46122C8904300D89F44 = {
						CreatedOnToolsVersion = 10.1;
						TestTargetID = D106D44D22C8904100D89F44;
					};
					D106D46C22C8904300D89F44 = {
						CreatedOnToolsVersion = 10.1;
						TestTargetID = D106D44D22C8904100D89F44;
					};
				};
			};
			buildConfigurationList = D106D44922C8904100D89F44 /* Build configuration list for PBXProject "Git" */;
			compatibilityVersion = "Xcode 9.3";
			developmentRegion = en;
			hasScannedForEncodings = 0;
			knownRegions = (
				en,
				Base,
			);
			mainGroup = D106D44522C8904100D89F44;
			productRefGroup = D106D44F22C8904100D89F44 /* Products */;
			projectDirPath = "";
			projectRoot = "";
			targets = (
				D106D44D22C8904100D89F44 /* Git */,
				D106D46122C8904300D89F44 /* GitTests */,
				D106D46C22C8904300D89F44 /* GitUITests */,
			);
		};
/* End PBXProject section */

/* Begin PBXResourcesBuildPhase section */
		D106D44C22C8904100D89F44 /* Resources */ = {
			isa = PBXResourcesBuildPhase;
			buildActionMask = 2147483647;
			files = (
				D106D45C22C8904300D89F44 /* LaunchScreen.storyboard in Resources */,
				D106D45922C8904300D89F44 /* Assets.xcassets in Resources */,
				D106D45722C8904100D89F44 /* Main.storyboard in Resources */,
			);
			runOnlyForDeploymentPostprocessing = 0;
		};
		D106D46022C8904300D89F44 /* Resources */ = {
			isa = PBXResourcesBuildPhase;
			buildActionMask = 2147483647;
			files = (
			);
			runOnlyForDeploymentPostprocessing = 0;
		};
		D106D46B22C8904300D89F44 /* Resources */ = {
			isa = PBXResourcesBuildPhase;
			buildActionMask = 2147483647;
			files = (
			);
			runOnlyForDeploymentPostprocessing = 0;
		};
/* End PBXResourcesBuildPhase section */

/* Begin PBXSourcesBuildPhase section */
		D106D44A22C8904100D89F44 /* Sources */ = {
			isa = PBXSourcesBuildPhase;
			buildActionMask = 2147483647;
			files = (
				D106D45422C8904100D89F44 /* ViewController.swift in Sources */,
				D106D45222C8904100D89F44 /* AppDelegate.swift in Sources */,
			);
			runOnlyForDeploymentPostprocessing = 0;
		};
		D106D45E22C8904300D89F44 /* Sources */ = {
			isa = PBXSourcesBuildPhase;
			buildActionMask = 2147483647;
			files = (
				D106D46722C8904300D89F44 /* GitTests.swift in Sources */,
			);
			runOnlyForDeploymentPostprocessing = 0;
		};
		D106D46922C8904300D89F44 /* Sources */ = {
			isa = PBXSourcesBuildPhase;
			buildActionMask = 2147483647;
			files = (
				D106D47222C8904300D89F44 /* GitUITests.swift in Sources */,
			);
			runOnlyForDeploymentPostprocessing = 0;
		};
/* End PBXSourcesBuildPhase section */

/* Begin PBXTargetDependency section */
		D106D46422C8904300D89F44 /* PBXTargetDependency */ = {
			isa = PBXTargetDependency;
			target = D106D44D22C8904100D89F44 /* Git */;
			targetProxy = D106D46322C8904300D89F44 /* PBXContainerItemProxy */;
		};
		D106D46F22C8904300D89F44 /* PBXTargetDependency */ = {
			isa = PBXTargetDependency;
			target = D106D44D22C8904100D89F44 /* Git */;
			targetProxy = D106D46E22C8904300D89F44 /* PBXContainerItemProxy */;
		};
/* End PBXTargetDependency section */

/* Begin PBXVariantGroup section */
		D106D45522C8904100D89F44 /* Main.storyboard */ = {
			isa = PBXVariantGroup;
			children = (
				D106D45622C8904100D89F44 /* Base */,
			);
			name = Main.storyboard;
			sourceTree = "<group>";
		};
		D106D45A22C8904300D89F44 /* LaunchScreen.storyboard */ = {
			isa = PBXVariantGroup;
			children = (
				D106D45B22C8904300D89F44 /* Base */,
			);
			name = LaunchScreen.storyboard;
			sourceTree = "<group>";
		};
/* End PBXVariantGroup section */

/* Begin XCBuildConfiguration section */
		D106D47422C8904300D89F44 /* Debug */ = {
			isa = XCBuildConfiguration;
			buildSettings = {
				ALWAYS_SEARCH_USER_PATHS = NO;
				CLANG_ANALYZER_NONNULL = YES;
				CLANG_ANALYZER_NUMBER_OBJECT_CONVERSION = YES_AGGRESSIVE;
				CLANG_CXX_LANGUAGE_STANDARD = "gnu++14";
				CLANG_CXX_LIBRARY = "libc++";
				CLANG_ENABLE_MODULES = YES;
				CLANG_ENABLE_OBJC_ARC = YES;
				CLANG_ENABLE_OBJC_WEAK = YES;
				CLANG_WARN_BLOCK_CAPTURE_AUTORELEASING = YES;
				CLANG_WARN_BOOL_CONVERSION = YES;
				CLANG_WARN_COMMA = YES;
				CLANG_WARN_CONSTANT_CONVERSION = YES;
				CLANG_WARN_DEPRECATED_OBJC_IMPLEMENTATIONS = YES;
				CLANG_WARN_DIRECT_OBJC_ISA_USAGE = YES_ERROR;
				CLANG_WARN_DOCUMENTATION_COMMENTS = YES;
				CLANG_WARN_EMPTY_BODY = YES;
				CLANG_WARN_ENUM_CONVERSION = YES;
				CLANG_WARN_INFINITE_RECURSION = YES;
				CLANG_WARN_INT_CONVERSION = YES;
				CLANG_WARN_NON_LITERAL_NULL_CONVERSION = YES;
				CLANG_WARN_OBJC_IMPLICIT_RETAIN_SELF = YES;
				CLANG_WARN_OBJC_LITERAL_CONVERSION = YES;
				CLANG_WARN_OBJC_ROOT_CLASS = YES_ERROR;
				CLANG_WARN_RANGE_LOOP_ANALYSIS = YES;
				CLANG_WARN_STRICT_PROTOTYPES = YES;
				CLANG_WARN_SUSPICIOUS_MOVE = YES;
				CLANG_WARN_UNGUARDED_AVAILABILITY = YES_AGGRESSIVE;
				CLANG_WARN_UNREACHABLE_CODE = YES;
				CLANG_WARN__DUPLICATE_METHOD_MATCH = YES;
				CODE_SIGN_IDENTITY = "iPhone Developer";
				COPY_PHASE_STRIP = NO;
				DEBUG_INFORMATION_FORMAT = dwarf;
				ENABLE_STRICT_OBJC_MSGSEND = YES;
				ENABLE_TESTABILITY = YES;
				GCC_C_LANGUAGE_STANDARD = gnu11;
				GCC_DYNAMIC_NO_PIC = NO;
				GCC_NO_COMMON_BLOCKS = YES;
				GCC_OPTIMIZATION_LEVEL = 0;
				GCC_PREPROCESSOR_DEFINITIONS = (
					"DEBUG=1",
					"$(inherited)",
				);
				GCC_WARN_64_TO_32_BIT_CONVERSION = YES;
				GCC_WARN_ABOUT_RETURN_TYPE = YES_ERROR;
				GCC_WARN_UNDECLARED_SELECTOR = YES;
				GCC_WARN_UNINITIALIZED_AUTOS = YES_AGGRESSIVE;
				GCC_WARN_UNUSED_FUNCTION = YES;
				GCC_WARN_UNUSED_VARIABLE = YES;
				IPHONEOS_DEPLOYMENT_TARGET = 12.1;
				MTL_ENABLE_DEBUG_INFO = INCLUDE_SOURCE;
				MTL_FAST_MATH = YES;
				ONLY_ACTIVE_ARCH = YES;
				SDKROOT = iphoneos;
				SWIFT_ACTIVE_COMPILATION_CONDITIONS = DEBUG;
				SWIFT_OPTIMIZATION_LEVEL = "-Onone";
			};
			name = Debug;
		};
		D106D47522C8904300D89F44 /* Release */ = {
			isa = XCBuildConfiguration;
			buildSettings = {
				ALWAYS_SEARCH_USER_PATHS = NO;
				CLANG_ANALYZER_NONNULL = YES;
				CLANG_ANALYZER_NUMBER_OBJECT_CONVERSION = YES_AGGRESSIVE;
				CLANG_CXX_LANGUAGE_STANDARD = "gnu++14";
				CLANG_CXX_LIBRARY = "libc++";
				CLANG_ENABLE_MODULES = YES;
				CLANG_ENABLE_OBJC_ARC = YES;
				CLANG_ENABLE_OBJC_WEAK = YES;
				CLANG_WARN_BLOCK_CAPTURE_AUTORELEASING = YES;
				CLANG_WARN_BOOL_CONVERSION = YES;
				CLANG_WARN_COMMA = YES;
				CLANG_WARN_CONSTANT_CONVERSION = YES;
				CLANG_WARN_DEPRECATED_OBJC_IMPLEMENTATIONS = YES;
				CLANG_WARN_DIRECT_OBJC_ISA_USAGE = YES_ERROR;
				CLANG_WARN_DOCUMENTATION_COMMENTS = YES;
				CLANG_WARN_EMPTY_BODY = YES;
				CLANG_WARN_ENUM_CONVERSION = YES;
				CLANG_WARN_INFINITE_RECURSION = YES;
				CLANG_WARN_INT_CONVERSION = YES;
				CLANG_WARN_NON_LITERAL_NULL_CONVERSION = YES;
				CLANG_WARN_OBJC_IMPLICIT_RETAIN_SELF = YES;
				CLANG_WARN_OBJC_LITERAL_CONVERSION = YES;
				CLANG_WARN_OBJC_ROOT_CLASS = YES_ERROR;
				CLANG_WARN_RANGE_LOOP_ANALYSIS = YES;
				CLANG_WARN_STRICT_PROTOTYPES = YES;
				CLANG_WARN_SUSPICIOUS_MOVE = YES;
				CLANG_WARN_UNGUARDED_AVAILABILITY = YES_AGGRESSIVE;
				CLANG_WARN_UNREACHABLE_CODE = YES;
				CLANG_WARN__DUPLICATE_METHOD_MATCH = YES;
				CODE_SIGN_IDENTITY = "iPhone Developer";
				COPY_PHASE_STRIP = NO;
				DEBUG_INFORMATION_FORMAT = "dwarf-with-dsym";
				ENABLE_NS_ASSERTIONS = NO;
				ENABLE_STRICT_OBJC_MSGSEND = YES;
				GCC_C_LANGUAGE_STANDARD = gnu11;
				GCC_NO_COMMON_BLOCKS = YES;
				GCC_WARN_64_TO_32_BIT_CONVERSION = YES;
				GCC_WARN_ABOUT_RETURN_TYPE = YES_ERROR;
				GCC_WARN_UNDECLARED_SELECTOR = YES;
				GCC_WARN_UNINITIALIZED_AUTOS = YES_AGGRESSIVE;
				GCC_WARN_UNUSED_FUNCTION = YES;
				GCC_WARN_UNUSED_VARIABLE = YES;
				IPHONEOS_DEPLOYMENT_TARGET = 12.1;
				MTL_ENABLE_DEBUG_INFO = NO;
				MTL_FAST_MATH = YES;
				SDKROOT = iphoneos;
				SWIFT_COMPILATION_MODE = wholemodule;
				SWIFT_OPTIMIZATION_LEVEL = "-O";
				VALIDATE_PRODUCT = YES;
			};
			name = Release;
		};
		D106D47722C8904300D89F44 /* Debug */ = {
			isa = XCBuildConfiguration;
			buildSettings = {
				ASSETCATALOG_COMPILER_APPICON_NAME = AppIcon;
				CODE_SIGN_STYLE = Automatic;
				INFOPLIST_FILE = Git/Info.plist;
				LD_RUNPATH_SEARCH_PATHS = (
					"$(inherited)",
					"@executable_path/Frameworks",
				);
				PRODUCT_BUNDLE_IDENTIFIER = "---.Git";
				PRODUCT_NAME = "$(TARGET_NAME)";
				SWIFT_VERSION = 4.2;
				TARGETED_DEVICE_FAMILY = "1,2";
			};
			name = Debug;
		};
		D106D47822C8904300D89F44 /* Release */ = {
			isa = XCBuildConfiguration;
			buildSettings = {
				ASSETCATALOG_COMPILER_APPICON_NAME = AppIcon;
				CODE_SIGN_STYLE = Automatic;
				INFOPLIST_FILE = Git/Info.plist;
				LD_RUNPATH_SEARCH_PATHS = (
					"$(inherited)",
					"@executable_path/Frameworks",
				);
				PRODUCT_BUNDLE_IDENTIFIER = "---.Git";
				PRODUCT_NAME = "$(TARGET_NAME)";
				SWIFT_VERSION = 4.2;
				TARGETED_DEVICE_FAMILY = "1,2";
			};
			name = Release;
		};
		D106D47A22C8904300D89F44 /* Debug */ = {
			isa = XCBuildConfiguration;
			buildSettings = {
				ALWAYS_EMBED_SWIFT_STANDARD_LIBRARIES = YES;
				BUNDLE_LOADER = "$(TEST_HOST)";
				CODE_SIGN_STYLE = Automatic;
				INFOPLIST_FILE = GitTests/Info.plist;
				LD_RUNPATH_SEARCH_PATHS = (
					"$(inherited)",
					"@executable_path/Frameworks",
					"@loader_path/Frameworks",
				);
				PRODUCT_BUNDLE_IDENTIFIER = "---.GitTests";
				PRODUCT_NAME = "$(TARGET_NAME)";
				SWIFT_VERSION = 4.2;
				TARGETED_DEVICE_FAMILY = "1,2";
				TEST_HOST = "$(BUILT_PRODUCTS_DIR)/Git.app/Git";
			};
			name = Debug;
		};
		D106D47B22C8904300D89F44 /* Release */ = {
			isa = XCBuildConfiguration;
			buildSettings = {
				ALWAYS_EMBED_SWIFT_STANDARD_LIBRARIES = YES;
				BUNDLE_LOADER = "$(TEST_HOST)";
				CODE_SIGN_STYLE = Automatic;
				INFOPLIST_FILE = GitTests/Info.plist;
				LD_RUNPATH_SEARCH_PATHS = (
					"$(inherited)",
					"@executable_path/Frameworks",
					"@loader_path/Frameworks",
				);
				PRODUCT_BUNDLE_IDENTIFIER = "---.GitTests";
				PRODUCT_NAME = "$(TARGET_NAME)";
				SWIFT_VERSION = 4.2;
				TARGETED_DEVICE_FAMILY = "1,2";
				TEST_HOST = "$(BUILT_PRODUCTS_DIR)/Git.app/Git";
			};
			name = Release;
		};
		D106D47D22C8904300D89F44 /* Debug */ = {
			isa = XCBuildConfiguration;
			buildSettings = {
				ALWAYS_EMBED_SWIFT_STANDARD_LIBRARIES = YES;
				CODE_SIGN_STYLE = Automatic;
				INFOPLIST_FILE = GitUITests/Info.plist;
				LD_RUNPATH_SEARCH_PATHS = (
					"$(inherited)",
					"@executable_path/Frameworks",
					"@loader_path/Frameworks",
				);
				PRODUCT_BUNDLE_IDENTIFIER = "---.GitUITests";
				PRODUCT_NAME = "$(TARGET_NAME)";
				SWIFT_VERSION = 4.2;
				TARGETED_DEVICE_FAMILY = "1,2";
				TEST_TARGET_NAME = Git;
			};
			name = Debug;
		};
		D106D47E22C8904300D89F44 /* Release */ = {
			isa = XCBuildConfiguration;
			buildSettings = {
				ALWAYS_EMBED_SWIFT_STANDARD_LIBRARIES = YES;
				CODE_SIGN_STYLE = Automatic;
				INFOPLIST_FILE = GitUITests/Info.plist;
				LD_RUNPATH_SEARCH_PATHS = (
					"$(inherited)",
					"@executable_path/Frameworks",
					"@loader_path/Frameworks",
				);
				PRODUCT_BUNDLE_IDENTIFIER = "---.GitUITests";
				PRODUCT_NAME = "$(TARGET_NAME)";
				SWIFT_VERSION = 4.2;
				TARGETED_DEVICE_FAMILY = "1,2";
				TEST_TARGET_NAME = Git;
			};
			name = Release;
		};
/* End XCBuildConfiguration section */

/* Begin XCConfigurationList section */
		D106D44922C8904100D89F44 /* Build configuration list for PBXProject "Git" */ = {
			isa = XCConfigurationList;
			buildConfigurations = (
				D106D47422C8904300D89F44 /* Debug */,
				D106D47522C8904300D89F44 /* Release */,
			);
			defaultConfigurationIsVisible = 0;
			defaultConfigurationName = Release;
		};
		D106D47622C8904300D89F44 /* Build configuration list for PBXNativeTarget "Git" */ = {
			isa = XCConfigurationList;
			buildConfigurations = (
				D106D47722C8904300D89F44 /* Debug */,
				D106D47822C8904300D89F44 /* Release */,
			);
			defaultConfigurationIsVisible = 0;
			defaultConfigurationName = Release;
		};
		D106D47922C8904300D89F44 /* Build configuration list for PBXNativeTarget "GitTests" */ = {
			isa = XCConfigurationList;
			buildConfigurations = (
				D106D47A22C8904300D89F44 /* Debug */,
				D106D47B22C8904300D89F44 /* Release */,
			);
			defaultConfigurationIsVisible = 0;
			defaultConfigurationName = Release;
		};
		D106D47C22C8904300D89F44 /* Build configuration list for PBXNativeTarget "GitUITests" */ = {
			isa = XCConfigurationList;
			buildConfigurations = (
				D106D47D22C8904300D89F44 /* Debug */,
				D106D47E22C8904300D89F44 /* Release */,
			);
			defaultConfigurationIsVisible = 0;
			defaultConfigurationName = Release;
		};
/* End XCConfigurationList section */
	};
	rootObject = D106D44622C8904100D89F44 /* Project object */;
}
